
Microsoft Visual Studio Solution File, Format Version 12.00
# Visual Studio Version 17
VisualStudioVersion = 17.9.34616.47
MinimumVisualStudioVersion = 10.0.40219.1
Project("{FAE04EC0-301F-11D3-BF4B-00C04F79EFBC}") = "LinQSample", "LinQSample\LinQSample.csproj", "{D59854B5-652F-4558-84A1-68D1C1211481}"
EndProject
Global
	GlobalSection(SolutionConfigurationPlatforms) = preSolution
		Debug|Any CPU = Debug|Any CPU
		Release|Any CPU = Release|Any CPU
	EndGlobalSection
	GlobalSection(ProjectConfigurationPlatforms) = postSolution
		{D59854B5-652F-4558-84A1-68D1C1211481}.Debug|Any CPU.ActiveCfg = Debug|Any CPU
		{D59854B5-652F-4558-84A1-68D1C1211481}.Debug|Any CPU.Build.0 = Debug|Any CPU
		{D59854B5-652F-4558-84A1-68D1C1211481}.Release|Any CPU.ActiveCfg = Release|Any CPU
		{D59854B5-652F-4558-84A1-68D1C1211481}.Release|Any CPU.Build.0 = Release|Any CPU
	EndGlobalSection
	GlobalSection(SolutionProperties) = preSolution
		HideSolutionNode = FALSE
	EndGlobalSection
	GlobalSection(ExtensibilityGlobals) = postSolution
		SolutionGuid = {4E1E51BD-74A1-4AC9-8DEC-8C97CD7F2116}
	EndGlobalSection
EndGlobal
